
Microsoft Visual Studio Solution File, Format Version 12.00
Project("{2150E333-8FDC-42A3-9474-1A3956D46DE8}") = "Recursion", "Recursion", "{5AE2CD17-F440-4D7C-AFE5-8B2BF3718686}"
EndProject
Project("{FAE04EC0-301F-11D3-BF4B-00C04F79EFBC}") = "FactorialLibrary", "FactorialLibrary\FactorialLibrary.csproj", "{45235B4D-5E46-454C-A086-A6A05E052D1A}"
EndProject
Project("{FAE04EC0-301F-11D3-BF4B-00C04F79EFBC}") = "FactorialLibraryTest", "FactorialLibraryTest\FactorialLibraryTest.csproj", "{B87524A6-82D5-4FFE-B118-B5589604BFAE}"
EndProject
Project("{FAE04EC0-301F-11D3-BF4B-00C04F79EFBC}") = "nCrLibrary", "nCrLibrary\nCrLibrary.csproj", "{B6356C66-EA4B-475D-9E98-C3631489A5F4}"
EndProject
Project("{FAE04EC0-301F-11D3-BF4B-00C04F79EFBC}") = "nCrLibraryTest", "nCrLibraryTest\nCrLibraryTest.csproj", "{8E67F9E0-FB05-4F92-9F50-CC3E85DFEACD}"
EndProject
Project("{2150E333-8FDC-42A3-9474-1A3956D46DE8}") = "Factorial", "Factorial", "{174FDD62-DF5A-42D5-8DD5-3729FFC7A307}"
EndProject
Project("{2150E333-8FDC-42A3-9474-1A3956D46DE8}") = "nCr", "nCr", "{B91E136B-747F-4D45-A666-AE3E20BE3B58}"
EndProject
Project("{2150E333-8FDC-42A3-9474-1A3956D46DE8}") = "SumOfN", "SumOfN", "{E9F2F50C-BEC1-4E14-AF14-5F898D5E1FB1}"
EndProject
Project("{FAE04EC0-301F-11D3-BF4B-00C04F79EFBC}") = "SumOfNLibrary", "SumOfNLibrary\SumOfNLibrary.csproj", "{7387C5B4-EB56-42E8-9CA6-3EC23621E037}"
EndProject
Project("{FAE04EC0-301F-11D3-BF4B-00C04F79EFBC}") = "SumOfNLibraryTest", "SumOfNLibraryTest\SumOfNLibraryTest.csproj", "{8181F570-059B-4D77-BACF-50949E2D35CC}"
EndProject
Project("{2150E333-8FDC-42A3-9474-1A3956D46DE8}") = "Fibonacci", "Fibonacci", "{8169FF79-4BB2-4A73-990C-D3BE2E4A3289}"
EndProject
Project("{FAE04EC0-301F-11D3-BF4B-00C04F79EFBC}") = "FibonacciLibrary", "FibonacciLibrary\FibonacciLibrary.csproj", "{3297E056-5183-42B9-96CF-C1AFBCD7F18B}"
EndProject
Project("{FAE04EC0-301F-11D3-BF4B-00C04F79EFBC}") = "FibonacciLibraryTest", "FibonacciLibraryTest\FibonacciLibraryTest.csproj", "{39883114-CDE2-458C-843C-99DF4535431E}"
EndProject
Project("{2150E333-8FDC-42A3-9474-1A3956D46DE8}") = "Power", "Power", "{5B1F34C8-4405-4EE8-B6F5-B73FD7364E22}"
EndProject
Project("{2150E333-8FDC-42A3-9474-1A3956D46DE8}") = "TaylorSeries", "TaylorSeries", "{F71AA823-EC55-4D9C-9FAA-3F84136F8CF9}"
EndProject
Project("{FAE04EC0-301F-11D3-BF4B-00C04F79EFBC}") = "PowerLibrary", "PowerLibrary\PowerLibrary.csproj", "{D47EA220-D82D-45B4-9F81-87FD6529FCB1}"
EndProject
Project("{FAE04EC0-301F-11D3-BF4B-00C04F79EFBC}") = "PowerLibraryTest", "PowerLibraryTest\PowerLibraryTest.csproj", "{24EE593A-124B-41FB-B7E3-584DF88646FE}"
EndProject
Project("{FAE04EC0-301F-11D3-BF4B-00C04F79EFBC}") = "TaylorSeriesLibrary", "TaylorSeriesLibrary\TaylorSeriesLibrary.csproj", "{2EC29481-3658-4336-8729-BE9B00DA4638}"
EndProject
Project("{FAE04EC0-301F-11D3-BF4B-00C04F79EFBC}") = "TaylorSeriesLibraryTest", "TaylorSeriesLibraryTest\TaylorSeriesLibraryTest.csproj", "{F139CA3C-5A4C-4933-922D-B0060B7C804B}"
EndProject
Project("{FAE04EC0-301F-11D3-BF4B-00C04F79EFBC}") = "RecursionLibrary", "RecursionLibrary\RecursionLibrary.csproj", "{ADF65052-6A34-49DC-8F28-E8385DA219DC}"
EndProject
Project("{FAE04EC0-301F-11D3-BF4B-00C04F79EFBC}") = "RecursionLibraryTest", "RecursionLibraryTest\RecursionLibraryTest.csproj", "{BC9C5946-9E0C-4068-8996-2D94BFDCF9BD}"
EndProject
Project("{2150E333-8FDC-42A3-9474-1A3956D46DE8}") = "TowerOfHanoi", "TowerOfHanoi", "{8D6C7BD1-2301-4CB3-B073-0DAD6290849B}"
EndProject
Project("{FAE04EC0-301F-11D3-BF4B-00C04F79EFBC}") = "TowerOfHanoiLibrary", "TowerOfHanoiLibrary\TowerOfHanoiLibrary.csproj", "{BC271C94-03CA-4FFF-BB7B-5FA3C90C85ED}"
EndProject
Project("{FAE04EC0-301F-11D3-BF4B-00C04F79EFBC}") = "TowerOfHanoiLibraryTest", "TowerOfHanoiLibraryTest\TowerOfHanoiLibraryTest.csproj", "{5503DD4B-104B-485E-82BA-0F6C5BF499AA}"
EndProject
Global
	GlobalSection(SolutionConfigurationPlatforms) = preSolution
		Debug|Any CPU = Debug|Any CPU
		Release|Any CPU = Release|Any CPU
	EndGlobalSection
	GlobalSection(NestedProjects) = preSolution
		{45235B4D-5E46-454C-A086-A6A05E052D1A} = {174FDD62-DF5A-42D5-8DD5-3729FFC7A307}
		{B87524A6-82D5-4FFE-B118-B5589604BFAE} = {174FDD62-DF5A-42D5-8DD5-3729FFC7A307}
		{B6356C66-EA4B-475D-9E98-C3631489A5F4} = {B91E136B-747F-4D45-A666-AE3E20BE3B58}
		{8E67F9E0-FB05-4F92-9F50-CC3E85DFEACD} = {B91E136B-747F-4D45-A666-AE3E20BE3B58}
		{7387C5B4-EB56-42E8-9CA6-3EC23621E037} = {E9F2F50C-BEC1-4E14-AF14-5F898D5E1FB1}
		{8181F570-059B-4D77-BACF-50949E2D35CC} = {E9F2F50C-BEC1-4E14-AF14-5F898D5E1FB1}
		{3297E056-5183-42B9-96CF-C1AFBCD7F18B} = {8169FF79-4BB2-4A73-990C-D3BE2E4A3289}
		{39883114-CDE2-458C-843C-99DF4535431E} = {8169FF79-4BB2-4A73-990C-D3BE2E4A3289}
		{D47EA220-D82D-45B4-9F81-87FD6529FCB1} = {5B1F34C8-4405-4EE8-B6F5-B73FD7364E22}
		{24EE593A-124B-41FB-B7E3-584DF88646FE} = {5B1F34C8-4405-4EE8-B6F5-B73FD7364E22}
		{2EC29481-3658-4336-8729-BE9B00DA4638} = {F71AA823-EC55-4D9C-9FAA-3F84136F8CF9}
		{F139CA3C-5A4C-4933-922D-B0060B7C804B} = {F71AA823-EC55-4D9C-9FAA-3F84136F8CF9}
		{ADF65052-6A34-49DC-8F28-E8385DA219DC} = {5AE2CD17-F440-4D7C-AFE5-8B2BF3718686}
		{BC9C5946-9E0C-4068-8996-2D94BFDCF9BD} = {5AE2CD17-F440-4D7C-AFE5-8B2BF3718686}
		{BC271C94-03CA-4FFF-BB7B-5FA3C90C85ED} = {8D6C7BD1-2301-4CB3-B073-0DAD6290849B}
		{5503DD4B-104B-485E-82BA-0F6C5BF499AA} = {8D6C7BD1-2301-4CB3-B073-0DAD6290849B}
	EndGlobalSection
	GlobalSection(ProjectConfigurationPlatforms) = postSolution
		{45235B4D-5E46-454C-A086-A6A05E052D1A}.Debug|Any CPU.ActiveCfg = Debug|Any CPU
		{45235B4D-5E46-454C-A086-A6A05E052D1A}.Debug|Any CPU.Build.0 = Debug|Any CPU
		{45235B4D-5E46-454C-A086-A6A05E052D1A}.Release|Any CPU.ActiveCfg = Release|Any CPU
		{45235B4D-5E46-454C-A086-A6A05E052D1A}.Release|Any CPU.Build.0 = Release|Any CPU
		{B87524A6-82D5-4FFE-B118-B5589604BFAE}.Debug|Any CPU.ActiveCfg = Debug|Any CPU
		{B87524A6-82D5-4FFE-B118-B5589604BFAE}.Debug|Any CPU.Build.0 = Debug|Any CPU
		{B87524A6-82D5-4FFE-B118-B5589604BFAE}.Release|Any CPU.ActiveCfg = Release|Any CPU
		{B87524A6-82D5-4FFE-B118-B5589604BFAE}.Release|Any CPU.Build.0 = Release|Any CPU
		{B6356C66-EA4B-475D-9E98-C3631489A5F4}.Debug|Any CPU.ActiveCfg = Debug|Any CPU
		{B6356C66-EA4B-475D-9E98-C3631489A5F4}.Debug|Any CPU.Build.0 = Debug|Any CPU
		{B6356C66-EA4B-475D-9E98-C3631489A5F4}.Release|Any CPU.ActiveCfg = Release|Any CPU
		{B6356C66-EA4B-475D-9E98-C3631489A5F4}.Release|Any CPU.Build.0 = Release|Any CPU
		{8E67F9E0-FB05-4F92-9F50-CC3E85DFEACD}.Debug|Any CPU.ActiveCfg = Debug|Any CPU
		{8E67F9E0-FB05-4F92-9F50-CC3E85DFEACD}.Debug|Any CPU.Build.0 = Debug|Any CPU
		{8E67F9E0-FB05-4F92-9F50-CC3E85DFEACD}.Release|Any CPU.ActiveCfg = Release|Any CPU
		{8E67F9E0-FB05-4F92-9F50-CC3E85DFEACD}.Release|Any CPU.Build.0 = Release|Any CPU
		{7387C5B4-EB56-42E8-9CA6-3EC23621E037}.Debug|Any CPU.ActiveCfg = Debug|Any CPU
		{7387C5B4-EB56-42E8-9CA6-3EC23621E037}.Debug|Any CPU.Build.0 = Debug|Any CPU
		{7387C5B4-EB56-42E8-9CA6-3EC23621E037}.Release|Any CPU.ActiveCfg = Release|Any CPU
		{7387C5B4-EB56-42E8-9CA6-3EC23621E037}.Release|Any CPU.Build.0 = Release|Any CPU
		{8181F570-059B-4D77-BACF-50949E2D35CC}.Debug|Any CPU.ActiveCfg = Debug|Any CPU
		{8181F570-059B-4D77-BACF-50949E2D35CC}.Debug|Any CPU.Build.0 = Debug|Any CPU
		{8181F570-059B-4D77-BACF-50949E2D35CC}.Release|Any CPU.ActiveCfg = Release|Any CPU
		{8181F570-059B-4D77-BACF-50949E2D35CC}.Release|Any CPU.Build.0 = Release|Any CPU
		{3297E056-5183-42B9-96CF-C1AFBCD7F18B}.Debug|Any CPU.ActiveCfg = Debug|Any CPU
		{3297E056-5183-42B9-96CF-C1AFBCD7F18B}.Debug|Any CPU.Build.0 = Debug|Any CPU
		{3297E056-5183-42B9-96CF-C1AFBCD7F18B}.Release|Any CPU.ActiveCfg = Release|Any CPU
		{3297E056-5183-42B9-96CF-C1AFBCD7F18B}.Release|Any CPU.Build.0 = Release|Any CPU
		{39883114-CDE2-458C-843C-99DF4535431E}.Debug|Any CPU.ActiveCfg = Debug|Any CPU
		{39883114-CDE2-458C-843C-99DF4535431E}.Debug|Any CPU.Build.0 = Debug|Any CPU
		{39883114-CDE2-458C-843C-99DF4535431E}.Release|Any CPU.ActiveCfg = Release|Any CPU
		{39883114-CDE2-458C-843C-99DF4535431E}.Release|Any CPU.Build.0 = Release|Any CPU
		{D47EA220-D82D-45B4-9F81-87FD6529FCB1}.Debug|Any CPU.ActiveCfg = Debug|Any CPU
		{D47EA220-D82D-45B4-9F81-87FD6529FCB1}.Debug|Any CPU.Build.0 = Debug|Any CPU
		{D47EA220-D82D-45B4-9F81-87FD6529FCB1}.Release|Any CPU.ActiveCfg = Release|Any CPU
		{D47EA220-D82D-45B4-9F81-87FD6529FCB1}.Release|Any CPU.Build.0 = Release|Any CPU
		{24EE593A-124B-41FB-B7E3-584DF88646FE}.Debug|Any CPU.ActiveCfg = Debug|Any CPU
		{24EE593A-124B-41FB-B7E3-584DF88646FE}.Debug|Any CPU.Build.0 = Debug|Any CPU
		{24EE593A-124B-41FB-B7E3-584DF88646FE}.Release|Any CPU.ActiveCfg = Release|Any CPU
		{24EE593A-124B-41FB-B7E3-584DF88646FE}.Release|Any CPU.Build.0 = Release|Any CPU
		{2EC29481-3658-4336-8729-BE9B00DA4638}.Debug|Any CPU.ActiveCfg = Debug|Any CPU
		{2EC29481-3658-4336-8729-BE9B00DA4638}.Debug|Any CPU.Build.0 = Debug|Any CPU
		{2EC29481-3658-4336-8729-BE9B00DA4638}.Release|Any CPU.ActiveCfg = Release|Any CPU
		{2EC29481-3658-4336-8729-BE9B00DA4638}.Release|Any CPU.Build.0 = Release|Any CPU
		{F139CA3C-5A4C-4933-922D-B0060B7C804B}.Debug|Any CPU.ActiveCfg = Debug|Any CPU
		{F139CA3C-5A4C-4933-922D-B0060B7C804B}.Debug|Any CPU.Build.0 = Debug|Any CPU
		{F139CA3C-5A4C-4933-922D-B0060B7C804B}.Release|Any CPU.ActiveCfg = Release|Any CPU
		{F139CA3C-5A4C-4933-922D-B0060B7C804B}.Release|Any CPU.Build.0 = Release|Any CPU
		{ADF65052-6A34-49DC-8F28-E8385DA219DC}.Debug|Any CPU.ActiveCfg = Debug|Any CPU
		{ADF65052-6A34-49DC-8F28-E8385DA219DC}.Debug|Any CPU.Build.0 = Debug|Any CPU
		{ADF65052-6A34-49DC-8F28-E8385DA219DC}.Release|Any CPU.ActiveCfg = Release|Any CPU
		{ADF65052-6A34-49DC-8F28-E8385DA219DC}.Release|Any CPU.Build.0 = Release|Any CPU
		{BC9C5946-9E0C-4068-8996-2D94BFDCF9BD}.Debug|Any CPU.ActiveCfg = Debug|Any CPU
		{BC9C5946-9E0C-4068-8996-2D94BFDCF9BD}.Debug|Any CPU.Build.0 = Debug|Any CPU
		{BC9C5946-9E0C-4068-8996-2D94BFDCF9BD}.Release|Any CPU.ActiveCfg = Release|Any CPU
		{BC9C5946-9E0C-4068-8996-2D94BFDCF9BD}.Release|Any CPU.Build.0 = Release|Any CPU
		{BC271C94-03CA-4FFF-BB7B-5FA3C90C85ED}.Debug|Any CPU.ActiveCfg = Debug|Any CPU
		{BC271C94-03CA-4FFF-BB7B-5FA3C90C85ED}.Debug|Any CPU.Build.0 = Debug|Any CPU
		{BC271C94-03CA-4FFF-BB7B-5FA3C90C85ED}.Release|Any CPU.ActiveCfg = Release|Any CPU
		{BC271C94-03CA-4FFF-BB7B-5FA3C90C85ED}.Release|Any CPU.Build.0 = Release|Any CPU
		{5503DD4B-104B-485E-82BA-0F6C5BF499AA}.Debug|Any CPU.ActiveCfg = Debug|Any CPU
		{5503DD4B-104B-485E-82BA-0F6C5BF499AA}.Debug|Any CPU.Build.0 = Debug|Any CPU
		{5503DD4B-104B-485E-82BA-0F6C5BF499AA}.Release|Any CPU.ActiveCfg = Release|Any CPU
		{5503DD4B-104B-485E-82BA-0F6C5BF499AA}.Release|Any CPU.Build.0 = Release|Any CPU
	EndGlobalSection
EndGlobal
